
Microsoft Visual Studio Solution File, Format Version 12.00
# Visual Studio 15
VisualStudioVersion = 15.0.27004.2005
MinimumVisualStudioVersion = 10.0.40219.1
Project("{888888A0-9F3D-457C-B088-3A5042F75D52}") = "CartPoleRL", "CartPoleRL\CartPoleRL.pyproj", "{7849A4B0-2DFF-4F0E-A6B7-03176E9DEE4B}"
EndProject
Global
	GlobalSection(SolutionConfigurationPlatforms) = preSolution
		Debug|Any CPU = Debug|Any CPU
		Release|Any CPU = Release|Any CPU
	EndGlobalSection
	GlobalSection(ProjectConfigurationPlatforms) = postSolution
		{7849A4B0-2DFF-4F0E-A6B7-03176E9DEE4B}.Debug|Any CPU.ActiveCfg = Debug|Any CPU
		{7849A4B0-2DFF-4F0E-A6B7-03176E9DEE4B}.Release|Any CPU.ActiveCfg = Release|Any CPU
	EndGlobalSection
	GlobalSection(SolutionProperties) = preSolution
		HideSolutionNode = FALSE
	EndGlobalSection
	GlobalSection(ExtensibilityGlobals) = postSolution
		SolutionGuid = {8D67020F-7849-4F76-83A5-B891F1349F03}
	EndGlobalSection
EndGlobal
